
Microsoft Visual Studio Solution File, Format Version 12.00
# Visual Studio Version 17
VisualStudioVersion = 17.14.36025.13 d17.14
MinimumVisualStudioVersion = 10.0.40219.1
Project("{FAE04EC0-301F-11D3-BF4B-00C04F79EFBC}") = "Identity_com_Net9", "Identity_com_Net9\Identity_com_Net9.csproj", "{9AB59D53-22E1-48F7-A7B8-3FED59BB0F90}"
EndProject
Global
	GlobalSection(SolutionConfigurationPlatforms) = preSolution
		Debug|Any CPU = Debug|Any CPU
		Release|Any CPU = Release|Any CPU
	EndGlobalSection
	GlobalSection(ProjectConfigurationPlatforms) = postSolution
		{9AB59D53-22E1-48F7-A7B8-3FED59BB0F90}.Debug|Any CPU.ActiveCfg = Debug|Any CPU
		{9AB59D53-22E1-48F7-A7B8-3FED59BB0F90}.Debug|Any CPU.Build.0 = Debug|Any CPU
		{9AB59D53-22E1-48F7-A7B8-3FED59BB0F90}.Release|Any CPU.ActiveCfg = Release|Any CPU
		{9AB59D53-22E1-48F7-A7B8-3FED59BB0F90}.Release|Any CPU.Build.0 = Release|Any CPU
	EndGlobalSection
	GlobalSection(SolutionProperties) = preSolution
		HideSolutionNode = FALSE
	EndGlobalSection
	GlobalSection(ExtensibilityGlobals) = postSolution
		SolutionGuid = {4B874E31-B0F6-40C5-8C3F-DA1A8E42ED05}
	EndGlobalSection
EndGlobal
